// !$*UTF8*$!
{
	archiveVersion = 1;
	classes = {
	};
	objectVersion = 50;
	objects = {

/* Begin PBXBuildFile section */
		833B4ABA23ED75980000B3E4 /* AppDelegate.swift in Sources */ = {isa = PBXBuildFile; fileRef = 833B4AB923ED75980000B3E4 /* AppDelegate.swift */; };
		833B4ABC23ED75980000B3E4 /* SceneDelegate.swift in Sources */ = {isa = PBXBuildFile; fileRef = 833B4ABB23ED75980000B3E4 /* SceneDelegate.swift */; };
		833B4ABE23ED75980000B3E4 /* ViewController.swift in Sources */ = {isa = PBXBuildFile; fileRef = 833B4ABD23ED75980000B3E4 /* ViewController.swift */; };
		833B4AC123ED75980000B3E4 /* Main.storyboard in Resources */ = {isa = PBXBuildFile; fileRef = 833B4ABF23ED75980000B3E4 /* Main.storyboard */; };
		833B4AC323ED759A0000B3E4 /* Assets.xcassets in Resources */ = {isa = PBXBuildFile; fileRef = 833B4AC223ED759A0000B3E4 /* Assets.xcassets */; };
		833B4AC623ED759A0000B3E4 /* LaunchScreen.storyboard in Resources */ = {isa = PBXBuildFile; fileRef = 833B4AC423ED759A0000B3E4 /* LaunchScreen.storyboard */; };
		833B4ACE23ED7A050000B3E4 /* SwiftUIView.swift in Sources */ = {isa = PBXBuildFile; fileRef = 833B4ACD23ED7A050000B3E4 /* SwiftUIView.swift */; };
/* End PBXBuildFile section */

/* Begin PBXFileReference section */
		833B4AB623ED75980000B3E4 /* My Favourite Recipes UIKit.app */ = {isa = PBXFileReference; explicitFileType = wrapper.application; includeInIndex = 0; path = "My Favourite Recipes UIKit.app"; sourceTree = BUILT_PRODUCTS_DIR; };
		833B4AB923ED75980000B3E4 /* AppDelegate.swift */ = {isa = PBXFileReference; lastKnownFileType = sourcecode.swift; path = AppDelegate.swift; sourceTree = "<group>"; };
		833B4ABB23ED75980000B3E4 /* SceneDelegate.swift */ = {isa = PBXFileReference; lastKnownFileType = sourcecode.swift; path = SceneDelegate.swift; sourceTree = "<group>"; };
		833B4ABD23ED75980000B3E4 /* ViewController.swift */ = {isa = PBXFileReference; lastKnownFileType = sourcecode.swift; path = ViewController.swift; sourceTree = "<group>"; };
		833B4AC023ED75980000B3E4 /* Base */ = {isa = PBXFileReference; lastKnownFileType = file.storyboard; name = Base; path = Base.lproj/Main.storyboard; sourceTree = "<group>"; };
		833B4AC223ED759A0000B3E4 /* Assets.xcassets */ = {isa = PBXFileReference; lastKnownFileType = folder.assetcatalog; path = Assets.xcassets; sourceTree = "<group>"; };
		833B4AC523ED759A0000B3E4 /* Base */ = {isa = PBXFileReference; lastKnownFileType = file.storyboard; name = Base; path = Base.lproj/LaunchScreen.storyboard; sourceTree = "<group>"; };
		833B4AC723ED759A0000B3E4 /* Info.plist */ = {isa = PBXFileReference; lastKnownFileType = text.plist.xml; path = Info.plist; sourceTree = "<group>"; };
		833B4ACD23ED7A050000B3E4 /* SwiftUIView.swift */ = {isa = PBXFileReference; lastKnownFileType = sourcecode.swift; path = SwiftUIView.swift; sourceTree = "<group>"; };
/* End PBXFileReference section */

/* Begin PBXFrameworksBuildPhase section */
		833B4AB323ED75980000B3E4 /* Frameworks */ = {
			isa = PBXFrameworksBuildPhase;
			buildActionMask = 2147483647;
			files = (
			);
			runOnlyForDeploymentPostprocessing = 0;
		};
/* End PBXFrameworksBuildPhase section */

/* Begin PBXGroup section */
		833B4AAD23ED75980000B3E4 = {
			isa = PBXGroup;
			children = (
				833B4AB823ED75980000B3E4 /* My Favourite Recipes UIKit */,
				833B4AB723ED75980000B3E4 /* Products */,
			);
			sourceTree = "<group>";
		};
		833B4AB723ED75980000B3E4 /* Products */ = {
			isa = PBXGroup;
			children = (
				833B4AB623ED75980000B3E4 /* My Favourite Recipes UIKit.app */,
			);
			name = Products;
			sourceTree = "<group>";
		};
		833B4AB823ED75980000B3E4 /* My Favourite Recipes UIKit */ = {
			isa = PBXGroup;
			children = (
				833B4AD023ED7A120000B3E4 /* UIKit */,
				833B4ACF23ED7A090000B3E4 /* SwiftUI */,
				833B4AB923ED75980000B3E4 /* AppDelegate.swift */,
				833B4ABB23ED75980000B3E4 /* SceneDelegate.swift */,
				833B4ABF23ED75980000B3E4 /* Main.storyboard */,
				833B4AC223ED759A0000B3E4 /* Assets.xcassets */,
				833B4AC423ED759A0000B3E4 /* LaunchScreen.storyboard */,
				833B4AC723ED759A0000B3E4 /* Info.plist */,
			);
			path = "My Favourite Recipes UIKit";
			sourceTree = "<group>";
		};
		833B4ACF23ED7A090000B3E4 /* SwiftUI */ = {
			isa = PBXGroup;
			children = (
				833B4ACD23ED7A050000B3E4 /* SwiftUIView.swift */,
			);
			path = SwiftUI;
			sourceTree = "<group>";
		};
		833B4AD023ED7A120000B3E4 /* UIKit */ = {
			isa = PBXGroup;
			children = (
				833B4ABD23ED75980000B3E4 /* ViewController.swift */,
			);
			path = UIKit;
			sourceTree = "<group>";
		};
/* End PBXGroup section */

/* Begin PBXNativeTarget section */
		833B4AB523ED75980000B3E4 /* My Favourite Recipes UIKit */ = {
			isa = PBXNativeTarget;
			buildConfigurationList = 833B4ACA23ED759A0000B3E4 /* Build configuration list for PBXNativeTarget "My Favourite Recipes UIKit" */;
			buildPhases = (
				833B4AB223ED75980000B3E4 /* Sources */,
				833B4AB323ED75980000B3E4 /* Frameworks */,
				833B4AB423ED75980000B3E4 /* Resources */,
			);
			buildRules = (
			);
			dependencies = (
			);
			name = "My Favourite Recipes UIKit";
			productName = "My Favourite Recipes UIKit";
			productReference = 833B4AB623ED75980000B3E4 /* My Favourite Recipes UIKit.app */;
			productType = "com.apple.product-type.application";
		};
/* End PBXNativeTarget section */

/* Begin PBXProject section */
		833B4AAE23ED75980000B3E4 /* Project object */ = {
			isa = PBXProject;
			attributes = {
				LastSwiftUpdateCheck = 1110;
				LastUpgradeCheck = 1110;
				ORGANIZATIONNAME = Packt;
				TargetAttributes = {
					833B4AB523ED75980000B3E4 = {
						CreatedOnToolsVersion = 11.1;
					};
				};
			};
			buildConfigurationList = 833B4AB123ED75980000B3E4 /* Build configuration list for PBXProject "My Favourite Recipes UIKit" */;
			compatibilityVersion = "Xcode 9.3";
			developmentRegion = en;
			hasScannedForEncodings = 0;
			knownRegions = (
				en,
				Base,
			);
			mainGroup = 833B4AAD23ED75980000B3E4;
			productRefGroup = 833B4AB723ED75980000B3E4 /* Products */;
			projectDirPath = "";
			projectRoot = "";
			targets = (
				833B4AB523ED75980000B3E4 /* My Favourite Recipes UIKit */,
			);
		};
/* End PBXProject section */

/* Begin PBXResourcesBuildPhase section */
		833B4AB423ED75980000B3E4 /* Resources */ = {
			isa = PBXResourcesBuildPhase;
			buildActionMask = 2147483647;
			files = (
				833B4AC623ED759A0000B3E4 /* LaunchScreen.storyboard in Resources */,
				833B4AC323ED759A0000B3E4 /* Assets.xcassets in Resources */,
				833B4AC123ED75980000B3E4 /* Main.storyboard in Resources */,
			);
			runOnlyForDeploymentPostprocessing = 0;
		};
/* End PBXResourcesBuildPhase section */

/* Begin PBXSourcesBuildPhase section */
		833B4AB223ED75980000B3E4 /* Sources */ = {
			isa = PBXSourcesBuildPhase;
			buildActionMask = 2147483647;
			files = (
				833B4ABE23ED75980000B3E4 /* ViewController.swift in Sources */,
				833B4ABA23ED75980000B3E4 /* AppDelegate.swift in Sources */,
				833B4ACE23ED7A050000B3E4 /* SwiftUIView.swift in Sources */,
				833B4ABC23ED75980000B3E4 /* SceneDelegate.swift in Sources */,
			);
			runOnlyForDeploymentPostprocessing = 0;
		};
/* End PBXSourcesBuildPhase section */

/* Begin PBXVariantGroup section */
		833B4ABF23ED75980000B3E4 /* Main.storyboard */ = {
			isa = PBXVariantGroup;
			children = (
				833B4AC023ED75980000B3E4 /* Base */,
			);
			name = Main.storyboard;
			sourceTree = "<group>";
		};
		833B4AC423ED759A0000B3E4 /* LaunchScreen.storyboard */ = {
			isa = PBXVariantGroup;
			children = (
				833B4AC523ED759A0000B3E4 /* Base */,
			);
			name = LaunchScreen.storyboard;
			sourceTree = "<group>";
		};
/* End PBXVariantGroup section */

/* Begin XCBuildConfiguration section */
		833B4AC823ED759A0000B3E4 /* Debug */ = {
			isa = XCBuildConfiguration;
			buildSettings = {
				ALWAYS_SEARCH_USER_PATHS = NO;
				CLANG_ANALYZER_NONNULL = YES;
				CLANG_ANALYZER_NUMBER_OBJECT_CONVERSION = YES_AGGRESSIVE;
				CLANG_CXX_LANGUAGE_STANDARD = "gnu++14";
				CLANG_CXX_LIBRARY = "libc++";
				CLANG_ENABLE_MODULES = YES;
				CLANG_ENABLE_OBJC_ARC = YES;
				CLANG_ENABLE_OBJC_WEAK = YES;
				CLANG_WARN_BLOCK_CAPTURE_AUTORELEASING = YES;
				CLANG_WARN_BOOL_CONVERSION = YES;
				CLANG_WARN_COMMA = YES;
				CLANG_WARN_CONSTANT_CONVERSION = YES;
				CLANG_WARN_DEPRECATED_OBJC_IMPLEMENTATIONS = YES;
				CLANG_WARN_DIRECT_OBJC_ISA_USAGE = YES_ERROR;
				CLANG_WARN_DOCUMENTATION_COMMENTS = YES;
				CLANG_WARN_EMPTY_BODY = YES;
				CLANG_WARN_ENUM_CONVERSION = YES;
				CLANG_WARN_INFINITE_RECURSION = YES;
				CLANG_WARN_INT_CONVERSION = YES;
				CLANG_WARN_NON_LITERAL_NULL_CONVERSION = YES;
				CLANG_WARN_OBJC_IMPLICIT_RETAIN_SELF = YES;
				CLANG_WARN_OBJC_LITERAL_CONVERSION = YES;
				CLANG_WARN_OBJC_ROOT_CLASS = YES_ERROR;
				CLANG_WARN_RANGE_LOOP_ANALYSIS = YES;
				CLANG_WARN_STRICT_PROTOTYPES = YES;
				CLANG_WARN_SUSPICIOUS_MOVE = YES;
				CLANG_WARN_UNGUARDED_AVAILABILITY = YES_AGGRESSIVE;
				CLANG_WARN_UNREACHABLE_CODE = YES;
				CLANG_WARN__DUPLICATE_METHOD_MATCH = YES;
				COPY_PHASE_STRIP = NO;
				DEBUG_INFORMATION_FORMAT = dwarf;
				ENABLE_STRICT_OBJC_MSGSEND = YES;
				ENABLE_TESTABILITY = YES;
				GCC_C_LANGUAGE_STANDARD = gnu11;
				GCC_DYNAMIC_NO_PIC = NO;
				GCC_NO_COMMON_BLOCKS = YES;
				GCC_OPTIMIZATION_LEVEL = 0;
				GCC_PREPROCESSOR_DEFINITIONS = (
					"DEBUG=1",
					"$(inherited)",
				);
				GCC_WARN_64_TO_32_BIT_CONVERSION = YES;
				GCC_WARN_ABOUT_RETURN_TYPE = YES_ERROR;
				GCC_WARN_UNDECLARED_SELECTOR = YES;
				GCC_WARN_UNINITIALIZED_AUTOS = YES_AGGRESSIVE;
				GCC_WARN_UNUSED_FUNCTION = YES;
				GCC_WARN_UNUSED_VARIABLE = YES;
				IPHONEOS_DEPLOYMENT_TARGET = 13.1;
				MTL_ENABLE_DEBUG_INFO = INCLUDE_SOURCE;
				MTL_FAST_MATH = YES;
				ONLY_ACTIVE_ARCH = YES;
				SDKROOT = iphoneos;
				SWIFT_ACTIVE_COMPILATION_CONDITIONS = DEBUG;
				SWIFT_OPTIMIZATION_LEVEL = "-Onone";
			};
			name = Debug;
		};
		833B4AC923ED759A0000B3E4 /* Release */ = {
			isa = XCBuildConfiguration;
			buildSettings = {
				ALWAYS_SEARCH_USER_PATHS = NO;
				CLANG_ANALYZER_NONNULL = YES;
				CLANG_ANALYZER_NUMBER_OBJECT_CONVERSION = YES_AGGRESSIVE;
				CLANG_CXX_LANGUAGE_STANDARD = "gnu++14";
				CLANG_CXX_LIBRARY = "libc++";
				CLANG_ENABLE_MODULES = YES;
				CLANG_ENABLE_OBJC_ARC = YES;
				CLANG_ENABLE_OBJC_WEAK = YES;
				CLANG_WARN_BLOCK_CAPTURE_AUTORELEASING = YES;
				CLANG_WARN_BOOL_CONVERSION = YES;
				CLANG_WARN_COMMA = YES;
				CLANG_WARN_CONSTANT_CONVERSION = YES;
				CLANG_WARN_DEPRECATED_OBJC_IMPLEMENTATIONS = YES;
				CLANG_WARN_DIRECT_OBJC_ISA_USAGE = YES_ERROR;
				CLANG_WARN_DOCUMENTATION_COMMENTS = YES;
				CLANG_WARN_EMPTY_BODY = YES;
				CLANG_WARN_ENUM_CONVERSION = YES;
				CLANG_WARN_INFINITE_RECURSION = YES;
				CLANG_WARN_INT_CONVERSION = YES;
				CLANG_WARN_NON_LITERAL_NULL_CONVERSION = YES;
				CLANG_WARN_OBJC_IMPLICIT_RETAIN_SELF = YES;
				CLANG_WARN_OBJC_LITERAL_CONVERSION = YES;
				CLANG_WARN_OBJC_ROOT_CLASS = YES_ERROR;
				CLANG_WARN_RANGE_LOOP_ANALYSIS = YES;
				CLANG_WARN_STRICT_PROTOTYPES = YES;
				CLANG_WARN_SUSPICIOUS_MOVE = YES;
				CLANG_WARN_UNGUARDED_AVAILABILITY = YES_AGGRESSIVE;
				CLANG_WARN_UNREACHABLE_CODE = YES;
				CLANG_WARN__DUPLICATE_METHOD_MATCH = YES;
				COPY_PHASE_STRIP = NO;
				DEBUG_INFORMATION_FORMAT = "dwarf-with-dsym";
				ENABLE_NS_ASSERTIONS = NO;
				ENABLE_STRICT_OBJC_MSGSEND = YES;
				GCC_C_LANGUAGE_STANDARD = gnu11;
				GCC_NO_COMMON_BLOCKS = YES;
				GCC_WARN_64_TO_32_BIT_CONVERSION = YES;
				GCC_WARN_ABOUT_RETURN_TYPE = YES_ERROR;
				GCC_WARN_UNDECLARED_SELECTOR = YES;
				GCC_WARN_UNINITIALIZED_AUTOS = YES_AGGRESSIVE;
				GCC_WARN_UNUSED_FUNCTION = YES;
				GCC_WARN_UNUSED_VARIABLE = YES;
				IPHONEOS_DEPLOYMENT_TARGET = 13.1;
				MTL_ENABLE_DEBUG_INFO = NO;
				MTL_FAST_MATH = YES;
				SDKROOT = iphoneos;
				SWIFT_COMPILATION_MODE = wholemodule;
				SWIFT_OPTIMIZATION_LEVEL = "-O";
				VALIDATE_PRODUCT = YES;
			};
			name = Release;
		};
		833B4ACB23ED759A0000B3E4 /* Debug */ = {
			isa = XCBuildConfiguration;
			buildSettings = {
				ASSETCATALOG_COMPILER_APPICON_NAME = AppIcon;
				CODE_SIGN_STYLE = Automatic;
				DEVELOPMENT_TEAM = C233LQUF2Z;
				INFOPLIST_FILE = "My Favourite Recipes UIKit/Info.plist";
				LD_RUNPATH_SEARCH_PATHS = (
					"$(inherited)",
					"@executable_path/Frameworks",
				);
				PRODUCT_BUNDLE_IDENTIFIER = "com.packt.My-Favourite-Recipes-UIKit";
				PRODUCT_NAME = "$(TARGET_NAME)";
				SWIFT_VERSION = 5.0;
				TARGETED_DEVICE_FAMILY = "1,2";
			};
			name = Debug;
		};
		833B4ACC23ED759A0000B3E4 /* Release */ = {
			isa = XCBuildConfiguration;
			buildSettings = {
				ASSETCATALOG_COMPILER_APPICON_NAME = AppIcon;
				CODE_SIGN_STYLE = Automatic;
				DEVELOPMENT_TEAM = C233LQUF2Z;
				INFOPLIST_FILE = "My Favourite Recipes UIKit/Info.plist";
				LD_RUNPATH_SEARCH_PATHS = (
					"$(inherited)",
					"@executable_path/Frameworks",
				);
				PRODUCT_BUNDLE_IDENTIFIER = "com.packt.My-Favourite-Recipes-UIKit";
				PRODUCT_NAME = "$(TARGET_NAME)";
				SWIFT_VERSION = 5.0;
				TARGETED_DEVICE_FAMILY = "1,2";
			};
			name = Release;
		};
/* End XCBuildConfiguration section */

/* Begin XCConfigurationList section */
		833B4AB123ED75980000B3E4 /* Build configuration list for PBXProject "My Favourite Recipes UIKit" */ = {
			isa = XCConfigurationList;
			buildConfigurations = (
				833B4AC823ED759A0000B3E4 /* Debug */,
				833B4AC923ED759A0000B3E4 /* Release */,
			);
			defaultConfigurationIsVisible = 0;
			defaultConfigurationName = Release;
		};
		833B4ACA23ED759A0000B3E4 /* Build configuration list for PBXNativeTarget "My Favourite Recipes UIKit" */ = {
			isa = XCConfigurationList;
			buildConfigurations = (
				833B4ACB23ED759A0000B3E4 /* Debug */,
				833B4ACC23ED759A0000B3E4 /* Release */,
			);
			defaultConfigurationIsVisible = 0;
			defaultConfigurationName = Release;
		};
/* End XCConfigurationList section */
	};
	rootObject = 833B4AAE23ED75980000B3E4 /* Project object */;
}
